
Microsoft Visual Studio Solution File, Format Version 12.00
# Visual Studio 2013
VisualStudioVersion = 12.0.31101.0
MinimumVisualStudioVersion = 10.0.40219.1
Project("{2150E333-8FDC-42A3-9474-1A3956D46DE8}") = "GPdotNET", "GPdotNET", "{362E80C8-CBB0-4BF0-A42E-6C6AC4264C6F}"
EndProject
Project("{2150E333-8FDC-42A3-9474-1A3956D46DE8}") = "Assemblies", "Assemblies", "{99E251AA-8828-46DE-A1EF-F620192B2662}"
	ProjectSection(SolutionItems) = preProject
		Assemblies\ClosedXML.dll = Assemblies\ClosedXML.dll
		Assemblies\ZedGraph.dll = Assemblies\ZedGraph.dll
	EndProjectSection
EndProject
Project("{FAE04EC0-301F-11D3-BF4B-00C04F79EFBC}") = "GPdotNET.Core", "GPdotNET.Core\GPdotNET.Core.csproj", "{6AC643D4-CD0C-4D1D-B5DB-7FE2C967D6A5}"
EndProject
Project("{FAE04EC0-301F-11D3-BF4B-00C04F79EFBC}") = "GPdotNET.Engine", "GPdotNET.Engine\GPdotNET.Engine.csproj", "{0331C174-17F5-4D8D-9430-5ECA08C8DA3F}"
EndProject
Project("{FAE04EC0-301F-11D3-BF4B-00C04F79EFBC}") = "GPdotNET.Tool.Common", "GPdotNET.Tool.Common\GPdotNET.Tool.Common.csproj", "{A1288789-76AD-4796-94EE-8049317FA8F3}"
EndProject
Project("{FAE04EC0-301F-11D3-BF4B-00C04F79EFBC}") = "GPdotNET.Util", "GPdotNET.Util\GPdotNET.Util.csproj", "{1CCAF038-91A0-4111-BC7F-60F916F739B4}"
EndProject
Project("{FAE04EC0-301F-11D3-BF4B-00C04F79EFBC}") = "GPdotNET.App", "GPdotNET.App\GPdotNET.App.csproj", "{B98E747B-484A-4B69-843D-A392E68E218A}"
EndProject
Global
	GlobalSection(TeamFoundationVersionControl) = preSolution
		SccNumberOfProjects = 6
		SccEnterpriseProvider = {4CA58AB2-18FA-4F8D-95D4-32DDF27D184C}
		SccTeamFoundationServer = https://tfs.codeplex.com/tfs/tfs03
		SccLocalPath0 = .
		SccProjectUniqueName1 = GPdotNET.Core\\GPdotNET.Core.csproj
		SccProjectTopLevelParentUniqueName1 = GPdotNET_CP.sln
		SccProjectName1 = GPdotNET.Core
		SccLocalPath1 = GPdotNET.Core
		SccProjectUniqueName2 = GPdotNET.Engine\\GPdotNET.Engine.csproj
		SccProjectTopLevelParentUniqueName2 = GPdotNET_CP.sln
		SccProjectName2 = GPdotNET.Engine
		SccLocalPath2 = GPdotNET.Engine
		SccProjectUniqueName3 = GPdotNET.Tool.Common\\GPdotNET.Tool.Common.csproj
		SccProjectTopLevelParentUniqueName3 = GPdotNET_CP.sln
		SccProjectName3 = GPdotNET.Tool.Common
		SccLocalPath3 = GPdotNET.Tool.Common
		SccProjectUniqueName4 = GPdotNET.Util\\GPdotNET.Util.csproj
		SccProjectTopLevelParentUniqueName4 = GPdotNET_CP.sln
		SccProjectName4 = GPdotNET.Util
		SccLocalPath4 = GPdotNET.Util
		SccProjectUniqueName5 = GPdotNET.App\\GPdotNET.App.csproj
		SccProjectTopLevelParentUniqueName5 = GPdotNET_CP.sln
		SccProjectName5 = GPdotNET.App
		SccLocalPath5 = GPdotNET.App
	EndGlobalSection
	GlobalSection(SolutionConfigurationPlatforms) = preSolution
		Debug|Any CPU = Debug|Any CPU
		Debug|x86 = Debug|x86
		Release|Any CPU = Release|Any CPU
		Release|x86 = Release|x86
	EndGlobalSection
	GlobalSection(ProjectConfigurationPlatforms) = postSolution
		{6AC643D4-CD0C-4D1D-B5DB-7FE2C967D6A5}.Debug|Any CPU.ActiveCfg = Debug|Any CPU
		{6AC643D4-CD0C-4D1D-B5DB-7FE2C967D6A5}.Debug|Any CPU.Build.0 = Debug|Any CPU
		{6AC643D4-CD0C-4D1D-B5DB-7FE2C967D6A5}.Debug|x86.ActiveCfg = Debug|Any CPU
		{6AC643D4-CD0C-4D1D-B5DB-7FE2C967D6A5}.Release|Any CPU.ActiveCfg = Release|Any CPU
		{6AC643D4-CD0C-4D1D-B5DB-7FE2C967D6A5}.Release|Any CPU.Build.0 = Release|Any CPU
		{6AC643D4-CD0C-4D1D-B5DB-7FE2C967D6A5}.Release|x86.ActiveCfg = Release|Any CPU
		{0331C174-17F5-4D8D-9430-5ECA08C8DA3F}.Debug|Any CPU.ActiveCfg = Debug|Any CPU
		{0331C174-17F5-4D8D-9430-5ECA08C8DA3F}.Debug|Any CPU.Build.0 = Debug|Any CPU
		{0331C174-17F5-4D8D-9430-5ECA08C8DA3F}.Debug|x86.ActiveCfg = Debug|Any CPU
		{0331C174-17F5-4D8D-9430-5ECA08C8DA3F}.Release|Any CPU.ActiveCfg = Release|Any CPU
		{0331C174-17F5-4D8D-9430-5ECA08C8DA3F}.Release|Any CPU.Build.0 = Release|Any CPU
		{0331C174-17F5-4D8D-9430-5ECA08C8DA3F}.Release|x86.ActiveCfg = Release|Any CPU
		{A1288789-76AD-4796-94EE-8049317FA8F3}.Debug|Any CPU.ActiveCfg = Debug|Any CPU
		{A1288789-76AD-4796-94EE-8049317FA8F3}.Debug|Any CPU.Build.0 = Debug|Any CPU
		{A1288789-76AD-4796-94EE-8049317FA8F3}.Debug|x86.ActiveCfg = Debug|Any CPU
		{A1288789-76AD-4796-94EE-8049317FA8F3}.Release|Any CPU.ActiveCfg = Release|Any CPU
		{A1288789-76AD-4796-94EE-8049317FA8F3}.Release|Any CPU.Build.0 = Release|Any CPU
		{A1288789-76AD-4796-94EE-8049317FA8F3}.Release|x86.ActiveCfg = Release|Any CPU
		{1CCAF038-91A0-4111-BC7F-60F916F739B4}.Debug|Any CPU.ActiveCfg = Debug|Any CPU
		{1CCAF038-91A0-4111-BC7F-60F916F739B4}.Debug|Any CPU.Build.0 = Debug|Any CPU
		{1CCAF038-91A0-4111-BC7F-60F916F739B4}.Debug|x86.ActiveCfg = Debug|Any CPU
		{1CCAF038-91A0-4111-BC7F-60F916F739B4}.Release|Any CPU.ActiveCfg = Release|Any CPU
		{1CCAF038-91A0-4111-BC7F-60F916F739B4}.Release|Any CPU.Build.0 = Release|Any CPU
		{1CCAF038-91A0-4111-BC7F-60F916F739B4}.Release|x86.ActiveCfg = Release|Any CPU
		{B98E747B-484A-4B69-843D-A392E68E218A}.Debug|Any CPU.ActiveCfg = Debug|Any CPU
		{B98E747B-484A-4B69-843D-A392E68E218A}.Debug|Any CPU.Build.0 = Debug|Any CPU
		{B98E747B-484A-4B69-843D-A392E68E218A}.Debug|x86.ActiveCfg = Debug|x86
		{B98E747B-484A-4B69-843D-A392E68E218A}.Debug|x86.Build.0 = Debug|x86
		{B98E747B-484A-4B69-843D-A392E68E218A}.Release|Any CPU.ActiveCfg = Release|Any CPU
		{B98E747B-484A-4B69-843D-A392E68E218A}.Release|Any CPU.Build.0 = Release|Any CPU
		{B98E747B-484A-4B69-843D-A392E68E218A}.Release|x86.ActiveCfg = Release|x86
		{B98E747B-484A-4B69-843D-A392E68E218A}.Release|x86.Build.0 = Release|x86
	EndGlobalSection
	GlobalSection(SolutionProperties) = preSolution
		HideSolutionNode = FALSE
	EndGlobalSection
	GlobalSection(NestedProjects) = preSolution
		{6AC643D4-CD0C-4D1D-B5DB-7FE2C967D6A5} = {362E80C8-CBB0-4BF0-A42E-6C6AC4264C6F}
		{0331C174-17F5-4D8D-9430-5ECA08C8DA3F} = {362E80C8-CBB0-4BF0-A42E-6C6AC4264C6F}
		{A1288789-76AD-4796-94EE-8049317FA8F3} = {362E80C8-CBB0-4BF0-A42E-6C6AC4264C6F}
		{1CCAF038-91A0-4111-BC7F-60F916F739B4} = {362E80C8-CBB0-4BF0-A42E-6C6AC4264C6F}
		{B98E747B-484A-4B69-843D-A392E68E218A} = {362E80C8-CBB0-4BF0-A42E-6C6AC4264C6F}
	EndGlobalSection
	GlobalSection(MonoDevelopProperties) = preSolution
		StartupItem = GPdotNET\GPdotNET.App\GPdotNET.App.csproj
		Policies = $0
		$0.DotNetNamingPolicy = $1
		$1.DirectoryNamespaceAssociation = None
		$1.ResourceNamePolicy = FileFormatDefault
		$0.VersionControlPolicy = $2
		$2.inheritsSet = Mono
		$0.ChangeLogPolicy = $3
		$3.UpdateMode = None
		$3.MessageStyle = $4
		$4.LineAlign = 0
		$3.inheritsSet = Mono
		$0.StandardHeader = $5
		$5.Text = 
		$5.IncludeInNewFiles = True
		version = 2.1
	EndGlobalSection
	GlobalSection(TestCaseManagementSettings) = postSolution
		CategoryFile = GPdotNET.vsmdi
	EndGlobalSection
EndGlobal
